
Microsoft Visual Studio Solution File, Format Version 12.00
# Visual Studio Version 18
VisualStudioVersion = 18.1.11312.151
MinimumVisualStudioVersion = 10.0.40219.1
Project("{2150E333-8FDC-42A3-9474-1A3956D46DE8}") = "FlightBooking", "FlightBooking", "{02EA681E-C7D8-13C7-8484-4AC65E1B71E8}"
EndProject
Project("{2150E333-8FDC-42A3-9474-1A3956D46DE8}") = "GroundTransport", "GroundTransport", "{014C2E84-3AB7-4338-A5F9-846E55C85F8C}"
EndProject
Project("{2150E333-8FDC-42A3-9474-1A3956D46DE8}") = "HotelBooking", "HotelBooking", "{38F1953D-8BE8-4B02-9E6C-09A852485964}"
EndProject
Project("{2150E333-8FDC-42A3-9474-1A3956D46DE8}") = "Insurance", "Insurance", "{63DB6378-9F26-4B21-813C-90E2EEFA6AE2}"
EndProject
Project("{2150E333-8FDC-42A3-9474-1A3956D46DE8}") = "Notification", "Notification", "{0729B0B5-06BD-4040-87CE-7A601DE31468}"
EndProject
Project("{2150E333-8FDC-42A3-9474-1A3956D46DE8}") = "Payment", "Payment", "{D7871EAB-7F5C-415E-9CE2-6F5923267A0E}"
EndProject
Project("{2150E333-8FDC-42A3-9474-1A3956D46DE8}") = "Trip", "Trip", "{D3F848BB-3A06-4CD5-80C3-67FB49FF93C2}"
EndProject
Project("{FAE04EC0-301F-11D3-BF4B-00C04F79EFBC}") = "SAGA pattern.AppHost", "SAGA pattern.AppHost\SAGA pattern.AppHost.csproj", "{83917F75-A501-4C2C-BC0A-A4A4E54E280A}"
EndProject
Project("{FAE04EC0-301F-11D3-BF4B-00C04F79EFBC}") = "SAGA pattern.ServiceDefaults", "SAGA pattern.ServiceDefaults\SAGA pattern.ServiceDefaults.csproj", "{A5E80F20-EADA-43EB-FCE0-7505B165853C}"
EndProject
Project("{FAE04EC0-301F-11D3-BF4B-00C04F79EFBC}") = "GroundTransport.API", "GroundTransport\GroundTransport.API\GroundTransport.API.csproj", "{4D74897D-BE07-2BE4-7575-D215BEED59F2}"
EndProject
Project("{FAE04EC0-301F-11D3-BF4B-00C04F79EFBC}") = "FlightBooking.API", "FlightBooking\FlightBooking.API\FlightBooking.API.csproj", "{BC079CE0-DB6D-5942-56C9-DBD2A5C69388}"
EndProject
Project("{FAE04EC0-301F-11D3-BF4B-00C04F79EFBC}") = "HotelBooking.API", "HotelBooking\HotelBooking.API\HotelBooking.API.csproj", "{90865537-22DB-A5D9-DB13-4A381DDB98FB}"
EndProject
Project("{FAE04EC0-301F-11D3-BF4B-00C04F79EFBC}") = "Notification.API", "Notification\Notification.API\Notification.API.csproj", "{05E39293-1D45-3F8B-E655-8F19718C89AD}"
EndProject
Project("{FAE04EC0-301F-11D3-BF4B-00C04F79EFBC}") = "Insurance.API", "Insurance\Insurance.API\Insurance.API.csproj", "{09E88201-B58C-849B-13BE-393F5E888D1A}"
EndProject
Project("{FAE04EC0-301F-11D3-BF4B-00C04F79EFBC}") = "Payment.API", "Payment\Payment.API\Payment.API.csproj", "{297CF612-8C19-ADA2-8211-F2C9B85B2003}"
EndProject
Project("{FAE04EC0-301F-11D3-BF4B-00C04F79EFBC}") = "Trip.API", "Trip\Trip.API\Trip.API.csproj", "{E8F0120C-F7D1-E4BB-4578-74046ED64D52}"
EndProject
Project("{FAE04EC0-301F-11D3-BF4B-00C04F79EFBC}") = "Trip.Contracts", "Trip\Trip.Contracts\Trip.Contracts.csproj", "{CB58DC17-D6F5-4D54-83D2-5DB5ED0C5349}"
EndProject
Project("{FAE04EC0-301F-11D3-BF4B-00C04F79EFBC}") = "FlightBooking.Contracts", "FlightBooking\FlightBooking.Contracts\FlightBooking.Contracts.csproj", "{55722DCF-47C3-4B4B-AE2E-DAA6077BEC67}"
EndProject
Project("{FAE04EC0-301F-11D3-BF4B-00C04F79EFBC}") = "HotelBooking.Contracts", "HotelBooking\HotelBooking.Contracts\HotelBooking.Contracts.csproj", "{DCF5D9DA-DF39-40C0-B0A2-3243E39E8E0B}"
EndProject
Project("{FAE04EC0-301F-11D3-BF4B-00C04F79EFBC}") = "GroundTransport.Contracts", "GroundTransport\GroundTransport.Contracts\GroundTransport.Contracts.csproj", "{119050D3-5D1F-449B-B7B4-372F25847A0F}"
EndProject
Project("{FAE04EC0-301F-11D3-BF4B-00C04F79EFBC}") = "Insurance.Contracts", "Insurance\Insurance.Contracts\Insurance.Contracts.csproj", "{15B447A7-CADF-4BB3-874F-2C50692E4177}"
EndProject
Project("{FAE04EC0-301F-11D3-BF4B-00C04F79EFBC}") = "Payment.Contracts", "Payment\Payment.Contracts\Payment.Contracts.csproj", "{C379AEBA-8803-464C-98F4-5BB98CF0FBD3}"
EndProject
Project("{FAE04EC0-301F-11D3-BF4B-00C04F79EFBC}") = "Notification.Contracts", "Notification\Notification.Contracts\Notification.Contracts.csproj", "{FD58A2C3-FB80-412A-9DDB-B71C68992540}"
EndProject
Project("{FAE04EC0-301F-11D3-BF4B-00C04F79EFBC}") = "Trip.Infrastructure", "Trip\Trip.Infrastructure\Trip.Infrastructure.csproj", "{70E8E52E-32A9-41F4-ABC8-A6335AD0C611}"
EndProject
Project("{FAE04EC0-301F-11D3-BF4B-00C04F79EFBC}") = "FlightBooking.Infrastructure", "FlightBooking\FlightBooking.Infrastructure\FlightBooking.Infrastructure.csproj", "{1BF3DB03-0CDB-4BEC-8E50-595FEBF37B94}"
EndProject
Project("{FAE04EC0-301F-11D3-BF4B-00C04F79EFBC}") = "HotelBooking.Infrastructure", "HotelBooking\HotelBooking.Infrastructure\HotelBooking.Infrastructure.csproj", "{FA481512-C7BC-49EF-8FCC-9CC819EC7719}"
EndProject
Project("{FAE04EC0-301F-11D3-BF4B-00C04F79EFBC}") = "GroundTransport.Infrastructure", "GroundTransport\GroundTransport.Infrastructure\GroundTransport.Infrastructure.csproj", "{EF870DA7-050B-4AD8-90DB-32F09D843830}"
EndProject
Project("{FAE04EC0-301F-11D3-BF4B-00C04F79EFBC}") = "Insurance.Infrastructure", "Insurance\Insurance.Infrastructure\Insurance.Infrastructure.csproj", "{A3FCAA9C-FCCA-44B2-9C97-1F690DD6FDAA}"
EndProject
Project("{FAE04EC0-301F-11D3-BF4B-00C04F79EFBC}") = "Payment.Infrastructure", "Payment\Payment.Infrastructure\Payment.Infrastructure.csproj", "{1157B47C-6D76-46E3-A861-CFFCBD02CBCB}"
EndProject
Project("{FAE04EC0-301F-11D3-BF4B-00C04F79EFBC}") = "Notification.Infrastructure", "Notification\Notification.Infrastructure\Notification.Infrastructure.csproj", "{880F2846-A344-4337-B012-0901E1FCE539}"
EndProject
Project("{FAE04EC0-301F-11D3-BF4B-00C04F79EFBC}") = "Trip.Domain", "Trip\Trip.Domain\Trip.Domain.csproj", "{4ED8B0B5-E11A-4B55-A9D9-A6E0CB4D1EA0}"
EndProject
Project("{FAE04EC0-301F-11D3-BF4B-00C04F79EFBC}") = "Trip.Application", "Trip\Trip.Application\Trip.Application.csproj", "{CF4A894B-EE94-437B-9342-9E137DCFFB92}"
EndProject
Project("{FAE04EC0-301F-11D3-BF4B-00C04F79EFBC}") = "FlightBooking.Domain", "FlightBooking\FlightBooking.Domain\FlightBooking.Domain.csproj", "{195E4C41-1335-47D1-86C8-D4C9F8695757}"
EndProject
Project("{FAE04EC0-301F-11D3-BF4B-00C04F79EFBC}") = "FlightBooking.Application", "FlightBooking\FlightBooking.Application\FlightBooking.Application.csproj", "{72A3F6C4-24CC-47EC-84C3-31ED87BB7D06}"
EndProject
Project("{FAE04EC0-301F-11D3-BF4B-00C04F79EFBC}") = "HotelBooking.Domain", "HotelBooking\HotelBooking.Domain\HotelBooking.Domain.csproj", "{C86F90E3-E193-4AF2-9431-53E3B3A5EA06}"
EndProject
Project("{FAE04EC0-301F-11D3-BF4B-00C04F79EFBC}") = "HotelBooking.Application", "HotelBooking\HotelBooking.Application\HotelBooking.Application.csproj", "{43DD82A5-17CA-4639-BC18-51A6CA2CB22B}"
EndProject
Project("{FAE04EC0-301F-11D3-BF4B-00C04F79EFBC}") = "GroundTransport.Domain", "GroundTransport\GroundTransport.Domain\GroundTransport.Domain.csproj", "{04F4FAF7-B4A8-4C30-895A-4B3C04F30566}"
EndProject
Project("{FAE04EC0-301F-11D3-BF4B-00C04F79EFBC}") = "GroundTransport.Application", "GroundTransport\GroundTransport.Application\GroundTransport.Application.csproj", "{A5FDA179-D5E3-4AE4-8028-B7105BD7F60F}"
EndProject
Project("{FAE04EC0-301F-11D3-BF4B-00C04F79EFBC}") = "Insurance.Domain", "Insurance\Insurance.Domain\Insurance.Domain.csproj", "{4DE206B3-DE95-4083-80BD-36101900AA35}"
EndProject
Project("{FAE04EC0-301F-11D3-BF4B-00C04F79EFBC}") = "Insurance.Application", "Insurance\Insurance.Application\Insurance.Application.csproj", "{18215748-E3C5-4917-9A93-FAAE5A76E5A6}"
EndProject
Project("{FAE04EC0-301F-11D3-BF4B-00C04F79EFBC}") = "Payment.Domain", "Payment\Payment.Domain\Payment.Domain.csproj", "{D1972C3D-4160-4045-B303-77F6D512D787}"
EndProject
Project("{FAE04EC0-301F-11D3-BF4B-00C04F79EFBC}") = "Payment.Application", "Payment\Payment.Application\Payment.Application.csproj", "{6F2D84ED-F0E3-4559-8DDD-B38FC6333527}"
EndProject
Project("{FAE04EC0-301F-11D3-BF4B-00C04F79EFBC}") = "Notification.Domain", "Notification\Notification.Domain\Notification.Domain.csproj", "{423B824B-1897-497A-9CD3-50209667FAD1}"
EndProject
Project("{FAE04EC0-301F-11D3-BF4B-00C04F79EFBC}") = "Notification.Application", "Notification\Notification.Application\Notification.Application.csproj", "{C1EFEE44-F35A-4E7A-87E3-D60A63689D0E}"
EndProject
Project("{2150E333-8FDC-42A3-9474-1A3956D46DE8}") = "TripBooking.Saga.API", "TripBooking.Saga.API", "{8DD70A55-0139-5126-A21D-8E0187E67EE6}"
EndProject
Project("{FAE04EC0-301F-11D3-BF4B-00C04F79EFBC}") = "TripBooking.Saga", "TripBooking.Saga\TripBooking.Saga\TripBooking.Saga.csproj", "{26F582AE-D5E7-2ECF-A0DC-40BD2B2292C0}"
EndProject
Project("{FAE04EC0-301F-11D3-BF4B-00C04F79EFBC}") = "TripBooking.Saga.API", "TripBooking.Saga\TripBooking.Saga.API\TripBooking.Saga.API.csproj", "{E0A82E5A-4BD0-5D28-C3E9-876A048E0256}"
EndProject
Global
	GlobalSection(SolutionConfigurationPlatforms) = preSolution
		Debug|Any CPU = Debug|Any CPU
		Debug|x64 = Debug|x64
		Debug|x86 = Debug|x86
		Release|Any CPU = Release|Any CPU
		Release|x64 = Release|x64
		Release|x86 = Release|x86
	EndGlobalSection
	GlobalSection(ProjectConfigurationPlatforms) = postSolution
		{83917F75-A501-4C2C-BC0A-A4A4E54E280A}.Debug|Any CPU.ActiveCfg = Debug|Any CPU
		{83917F75-A501-4C2C-BC0A-A4A4E54E280A}.Debug|Any CPU.Build.0 = Debug|Any CPU
		{83917F75-A501-4C2C-BC0A-A4A4E54E280A}.Debug|x64.ActiveCfg = Debug|Any CPU
		{83917F75-A501-4C2C-BC0A-A4A4E54E280A}.Debug|x64.Build.0 = Debug|Any CPU
		{83917F75-A501-4C2C-BC0A-A4A4E54E280A}.Debug|x86.ActiveCfg = Debug|Any CPU
		{83917F75-A501-4C2C-BC0A-A4A4E54E280A}.Debug|x86.Build.0 = Debug|Any CPU
		{83917F75-A501-4C2C-BC0A-A4A4E54E280A}.Release|Any CPU.ActiveCfg = Release|Any CPU
		{83917F75-A501-4C2C-BC0A-A4A4E54E280A}.Release|Any CPU.Build.0 = Release|Any CPU
		{83917F75-A501-4C2C-BC0A-A4A4E54E280A}.Release|x64.ActiveCfg = Release|Any CPU
		{83917F75-A501-4C2C-BC0A-A4A4E54E280A}.Release|x64.Build.0 = Release|Any CPU
		{83917F75-A501-4C2C-BC0A-A4A4E54E280A}.Release|x86.ActiveCfg = Release|Any CPU
		{83917F75-A501-4C2C-BC0A-A4A4E54E280A}.Release|x86.Build.0 = Release|Any CPU
		{A5E80F20-EADA-43EB-FCE0-7505B165853C}.Debug|Any CPU.ActiveCfg = Debug|Any CPU
		{A5E80F20-EADA-43EB-FCE0-7505B165853C}.Debug|Any CPU.Build.0 = Debug|Any CPU
		{A5E80F20-EADA-43EB-FCE0-7505B165853C}.Debug|x64.ActiveCfg = Debug|Any CPU
		{A5E80F20-EADA-43EB-FCE0-7505B165853C}.Debug|x64.Build.0 = Debug|Any CPU
		{A5E80F20-EADA-43EB-FCE0-7505B165853C}.Debug|x86.ActiveCfg = Debug|Any CPU
		{A5E80F20-EADA-43EB-FCE0-7505B165853C}.Debug|x86.Build.0 = Debug|Any CPU
		{A5E80F20-EADA-43EB-FCE0-7505B165853C}.Release|Any CPU.ActiveCfg = Release|Any CPU
		{A5E80F20-EADA-43EB-FCE0-7505B165853C}.Release|Any CPU.Build.0 = Release|Any CPU
		{A5E80F20-EADA-43EB-FCE0-7505B165853C}.Release|x64.ActiveCfg = Release|Any CPU
		{A5E80F20-EADA-43EB-FCE0-7505B165853C}.Release|x64.Build.0 = Release|Any CPU
		{A5E80F20-EADA-43EB-FCE0-7505B165853C}.Release|x86.ActiveCfg = Release|Any CPU
		{A5E80F20-EADA-43EB-FCE0-7505B165853C}.Release|x86.Build.0 = Release|Any CPU
		{4D74897D-BE07-2BE4-7575-D215BEED59F2}.Debug|Any CPU.ActiveCfg = Debug|Any CPU
		{4D74897D-BE07-2BE4-7575-D215BEED59F2}.Debug|Any CPU.Build.0 = Debug|Any CPU
		{4D74897D-BE07-2BE4-7575-D215BEED59F2}.Debug|x64.ActiveCfg = Debug|Any CPU
		{4D74897D-BE07-2BE4-7575-D215BEED59F2}.Debug|x64.Build.0 = Debug|Any CPU
		{4D74897D-BE07-2BE4-7575-D215BEED59F2}.Debug|x86.ActiveCfg = Debug|Any CPU
		{4D74897D-BE07-2BE4-7575-D215BEED59F2}.Debug|x86.Build.0 = Debug|Any CPU
		{4D74897D-BE07-2BE4-7575-D215BEED59F2}.Release|Any CPU.ActiveCfg = Release|Any CPU
		{4D74897D-BE07-2BE4-7575-D215BEED59F2}.Release|Any CPU.Build.0 = Release|Any CPU
		{4D74897D-BE07-2BE4-7575-D215BEED59F2}.Release|x64.ActiveCfg = Release|Any CPU
		{4D74897D-BE07-2BE4-7575-D215BEED59F2}.Release|x64.Build.0 = Release|Any CPU
		{4D74897D-BE07-2BE4-7575-D215BEED59F2}.Release|x86.ActiveCfg = Release|Any CPU
		{4D74897D-BE07-2BE4-7575-D215BEED59F2}.Release|x86.Build.0 = Release|Any CPU
		{BC079CE0-DB6D-5942-56C9-DBD2A5C69388}.Debug|Any CPU.ActiveCfg = Debug|Any CPU
		{BC079CE0-DB6D-5942-56C9-DBD2A5C69388}.Debug|Any CPU.Build.0 = Debug|Any CPU
		{BC079CE0-DB6D-5942-56C9-DBD2A5C69388}.Debug|x64.ActiveCfg = Debug|Any CPU
		{BC079CE0-DB6D-5942-56C9-DBD2A5C69388}.Debug|x64.Build.0 = Debug|Any CPU
		{BC079CE0-DB6D-5942-56C9-DBD2A5C69388}.Debug|x86.ActiveCfg = Debug|Any CPU
		{BC079CE0-DB6D-5942-56C9-DBD2A5C69388}.Debug|x86.Build.0 = Debug|Any CPU
		{BC079CE0-DB6D-5942-56C9-DBD2A5C69388}.Release|Any CPU.ActiveCfg = Release|Any CPU
		{BC079CE0-DB6D-5942-56C9-DBD2A5C69388}.Release|Any CPU.Build.0 = Release|Any CPU
		{BC079CE0-DB6D-5942-56C9-DBD2A5C69388}.Release|x64.ActiveCfg = Release|Any CPU
		{BC079CE0-DB6D-5942-56C9-DBD2A5C69388}.Release|x64.Build.0 = Release|Any CPU
		{BC079CE0-DB6D-5942-56C9-DBD2A5C69388}.Release|x86.ActiveCfg = Release|Any CPU
		{BC079CE0-DB6D-5942-56C9-DBD2A5C69388}.Release|x86.Build.0 = Release|Any CPU
		{90865537-22DB-A5D9-DB13-4A381DDB98FB}.Debug|Any CPU.ActiveCfg = Debug|Any CPU
		{90865537-22DB-A5D9-DB13-4A381DDB98FB}.Debug|Any CPU.Build.0 = Debug|Any CPU
		{90865537-22DB-A5D9-DB13-4A381DDB98FB}.Debug|x64.ActiveCfg = Debug|Any CPU
		{90865537-22DB-A5D9-DB13-4A381DDB98FB}.Debug|x64.Build.0 = Debug|Any CPU
		{90865537-22DB-A5D9-DB13-4A381DDB98FB}.Debug|x86.ActiveCfg = Debug|Any CPU
		{90865537-22DB-A5D9-DB13-4A381DDB98FB}.Debug|x86.Build.0 = Debug|Any CPU
		{90865537-22DB-A5D9-DB13-4A381DDB98FB}.Release|Any CPU.ActiveCfg = Release|Any CPU
		{90865537-22DB-A5D9-DB13-4A381DDB98FB}.Release|Any CPU.Build.0 = Release|Any CPU
		{90865537-22DB-A5D9-DB13-4A381DDB98FB}.Release|x64.ActiveCfg = Release|Any CPU
		{90865537-22DB-A5D9-DB13-4A381DDB98FB}.Release|x64.Build.0 = Release|Any CPU
		{90865537-22DB-A5D9-DB13-4A381DDB98FB}.Release|x86.ActiveCfg = Release|Any CPU
		{90865537-22DB-A5D9-DB13-4A381DDB98FB}.Release|x86.Build.0 = Release|Any CPU
		{05E39293-1D45-3F8B-E655-8F19718C89AD}.Debug|Any CPU.ActiveCfg = Debug|Any CPU
		{05E39293-1D45-3F8B-E655-8F19718C89AD}.Debug|Any CPU.Build.0 = Debug|Any CPU
		{05E39293-1D45-3F8B-E655-8F19718C89AD}.Debug|x64.ActiveCfg = Debug|Any CPU
		{05E39293-1D45-3F8B-E655-8F19718C89AD}.Debug|x64.Build.0 = Debug|Any CPU
		{05E39293-1D45-3F8B-E655-8F19718C89AD}.Debug|x86.ActiveCfg = Debug|Any CPU
		{05E39293-1D45-3F8B-E655-8F19718C89AD}.Debug|x86.Build.0 = Debug|Any CPU
		{05E39293-1D45-3F8B-E655-8F19718C89AD}.Release|Any CPU.ActiveCfg = Release|Any CPU
		{05E39293-1D45-3F8B-E655-8F19718C89AD}.Release|Any CPU.Build.0 = Release|Any CPU
		{05E39293-1D45-3F8B-E655-8F19718C89AD}.Release|x64.ActiveCfg = Release|Any CPU
		{05E39293-1D45-3F8B-E655-8F19718C89AD}.Release|x64.Build.0 = Release|Any CPU
		{05E39293-1D45-3F8B-E655-8F19718C89AD}.Release|x86.ActiveCfg = Release|Any CPU
		{05E39293-1D45-3F8B-E655-8F19718C89AD}.Release|x86.Build.0 = Release|Any CPU
		{09E88201-B58C-849B-13BE-393F5E888D1A}.Debug|Any CPU.ActiveCfg = Debug|Any CPU
		{09E88201-B58C-849B-13BE-393F5E888D1A}.Debug|Any CPU.Build.0 = Debug|Any CPU
		{09E88201-B58C-849B-13BE-393F5E888D1A}.Debug|x64.ActiveCfg = Debug|Any CPU
		{09E88201-B58C-849B-13BE-393F5E888D1A}.Debug|x64.Build.0 = Debug|Any CPU
		{09E88201-B58C-849B-13BE-393F5E888D1A}.Debug|x86.ActiveCfg = Debug|Any CPU
		{09E88201-B58C-849B-13BE-393F5E888D1A}.Debug|x86.Build.0 = Debug|Any CPU
		{09E88201-B58C-849B-13BE-393F5E888D1A}.Release|Any CPU.ActiveCfg = Release|Any CPU
		{09E88201-B58C-849B-13BE-393F5E888D1A}.Release|Any CPU.Build.0 = Release|Any CPU
		{09E88201-B58C-849B-13BE-393F5E888D1A}.Release|x64.ActiveCfg = Release|Any CPU
		{09E88201-B58C-849B-13BE-393F5E888D1A}.Release|x64.Build.0 = Release|Any CPU
		{09E88201-B58C-849B-13BE-393F5E888D1A}.Release|x86.ActiveCfg = Release|Any CPU
		{09E88201-B58C-849B-13BE-393F5E888D1A}.Release|x86.Build.0 = Release|Any CPU
		{297CF612-8C19-ADA2-8211-F2C9B85B2003}.Debug|Any CPU.ActiveCfg = Debug|Any CPU
		{297CF612-8C19-ADA2-8211-F2C9B85B2003}.Debug|Any CPU.Build.0 = Debug|Any CPU
		{297CF612-8C19-ADA2-8211-F2C9B85B2003}.Debug|x64.ActiveCfg = Debug|Any CPU
		{297CF612-8C19-ADA2-8211-F2C9B85B2003}.Debug|x64.Build.0 = Debug|Any CPU
		{297CF612-8C19-ADA2-8211-F2C9B85B2003}.Debug|x86.ActiveCfg = Debug|Any CPU
		{297CF612-8C19-ADA2-8211-F2C9B85B2003}.Debug|x86.Build.0 = Debug|Any CPU
		{297CF612-8C19-ADA2-8211-F2C9B85B2003}.Release|Any CPU.ActiveCfg = Release|Any CPU
		{297CF612-8C19-ADA2-8211-F2C9B85B2003}.Release|Any CPU.Build.0 = Release|Any CPU
		{297CF612-8C19-ADA2-8211-F2C9B85B2003}.Release|x64.ActiveCfg = Release|Any CPU
		{297CF612-8C19-ADA2-8211-F2C9B85B2003}.Release|x64.Build.0 = Release|Any CPU
		{297CF612-8C19-ADA2-8211-F2C9B85B2003}.Release|x86.ActiveCfg = Release|Any CPU
		{297CF612-8C19-ADA2-8211-F2C9B85B2003}.Release|x86.Build.0 = Release|Any CPU
		{E8F0120C-F7D1-E4BB-4578-74046ED64D52}.Debug|Any CPU.ActiveCfg = Debug|Any CPU
		{E8F0120C-F7D1-E4BB-4578-74046ED64D52}.Debug|Any CPU.Build.0 = Debug|Any CPU
		{E8F0120C-F7D1-E4BB-4578-74046ED64D52}.Debug|x64.ActiveCfg = Debug|Any CPU
		{E8F0120C-F7D1-E4BB-4578-74046ED64D52}.Debug|x64.Build.0 = Debug|Any CPU
		{E8F0120C-F7D1-E4BB-4578-74046ED64D52}.Debug|x86.ActiveCfg = Debug|Any CPU
		{E8F0120C-F7D1-E4BB-4578-74046ED64D52}.Debug|x86.Build.0 = Debug|Any CPU
		{E8F0120C-F7D1-E4BB-4578-74046ED64D52}.Release|Any CPU.ActiveCfg = Release|Any CPU
		{E8F0120C-F7D1-E4BB-4578-74046ED64D52}.Release|Any CPU.Build.0 = Release|Any CPU
		{E8F0120C-F7D1-E4BB-4578-74046ED64D52}.Release|x64.ActiveCfg = Release|Any CPU
		{E8F0120C-F7D1-E4BB-4578-74046ED64D52}.Release|x64.Build.0 = Release|Any CPU
		{E8F0120C-F7D1-E4BB-4578-74046ED64D52}.Release|x86.ActiveCfg = Release|Any CPU
		{E8F0120C-F7D1-E4BB-4578-74046ED64D52}.Release|x86.Build.0 = Release|Any CPU
		{CB58DC17-D6F5-4D54-83D2-5DB5ED0C5349}.Debug|Any CPU.ActiveCfg = Debug|Any CPU
		{CB58DC17-D6F5-4D54-83D2-5DB5ED0C5349}.Debug|Any CPU.Build.0 = Debug|Any CPU
		{CB58DC17-D6F5-4D54-83D2-5DB5ED0C5349}.Debug|x64.ActiveCfg = Debug|Any CPU
		{CB58DC17-D6F5-4D54-83D2-5DB5ED0C5349}.Debug|x64.Build.0 = Debug|Any CPU
		{CB58DC17-D6F5-4D54-83D2-5DB5ED0C5349}.Debug|x86.ActiveCfg = Debug|Any CPU
		{CB58DC17-D6F5-4D54-83D2-5DB5ED0C5349}.Debug|x86.Build.0 = Debug|Any CPU
		{CB58DC17-D6F5-4D54-83D2-5DB5ED0C5349}.Release|Any CPU.ActiveCfg = Release|Any CPU
		{CB58DC17-D6F5-4D54-83D2-5DB5ED0C5349}.Release|Any CPU.Build.0 = Release|Any CPU
		{CB58DC17-D6F5-4D54-83D2-5DB5ED0C5349}.Release|x64.ActiveCfg = Release|Any CPU
		{CB58DC17-D6F5-4D54-83D2-5DB5ED0C5349}.Release|x64.Build.0 = Release|Any CPU
		{CB58DC17-D6F5-4D54-83D2-5DB5ED0C5349}.Release|x86.ActiveCfg = Release|Any CPU
		{CB58DC17-D6F5-4D54-83D2-5DB5ED0C5349}.Release|x86.Build.0 = Release|Any CPU
		{55722DCF-47C3-4B4B-AE2E-DAA6077BEC67}.Debug|Any CPU.ActiveCfg = Debug|Any CPU
		{55722DCF-47C3-4B4B-AE2E-DAA6077BEC67}.Debug|Any CPU.Build.0 = Debug|Any CPU
		{55722DCF-47C3-4B4B-AE2E-DAA6077BEC67}.Debug|x64.ActiveCfg = Debug|Any CPU
		{55722DCF-47C3-4B4B-AE2E-DAA6077BEC67}.Debug|x64.Build.0 = Debug|Any CPU
		{55722DCF-47C3-4B4B-AE2E-DAA6077BEC67}.Debug|x86.ActiveCfg = Debug|Any CPU
		{55722DCF-47C3-4B4B-AE2E-DAA6077BEC67}.Debug|x86.Build.0 = Debug|Any CPU
		{55722DCF-47C3-4B4B-AE2E-DAA6077BEC67}.Release|Any CPU.ActiveCfg = Release|Any CPU
		{55722DCF-47C3-4B4B-AE2E-DAA6077BEC67}.Release|Any CPU.Build.0 = Release|Any CPU
		{55722DCF-47C3-4B4B-AE2E-DAA6077BEC67}.Release|x64.ActiveCfg = Release|Any CPU
		{55722DCF-47C3-4B4B-AE2E-DAA6077BEC67}.Release|x64.Build.0 = Release|Any CPU
		{55722DCF-47C3-4B4B-AE2E-DAA6077BEC67}.Release|x86.ActiveCfg = Release|Any CPU
		{55722DCF-47C3-4B4B-AE2E-DAA6077BEC67}.Release|x86.Build.0 = Release|Any CPU
		{DCF5D9DA-DF39-40C0-B0A2-3243E39E8E0B}.Debug|Any CPU.ActiveCfg = Debug|Any CPU
		{DCF5D9DA-DF39-40C0-B0A2-3243E39E8E0B}.Debug|Any CPU.Build.0 = Debug|Any CPU
		{DCF5D9DA-DF39-40C0-B0A2-3243E39E8E0B}.Debug|x64.ActiveCfg = Debug|Any CPU
		{DCF5D9DA-DF39-40C0-B0A2-3243E39E8E0B}.Debug|x64.Build.0 = Debug|Any CPU
		{DCF5D9DA-DF39-40C0-B0A2-3243E39E8E0B}.Debug|x86.ActiveCfg = Debug|Any CPU
		{DCF5D9DA-DF39-40C0-B0A2-3243E39E8E0B}.Debug|x86.Build.0 = Debug|Any CPU
		{DCF5D9DA-DF39-40C0-B0A2-3243E39E8E0B}.Release|Any CPU.ActiveCfg = Release|Any CPU
		{DCF5D9DA-DF39-40C0-B0A2-3243E39E8E0B}.Release|Any CPU.Build.0 = Release|Any CPU
		{DCF5D9DA-DF39-40C0-B0A2-3243E39E8E0B}.Release|x64.ActiveCfg = Release|Any CPU
		{DCF5D9DA-DF39-40C0-B0A2-3243E39E8E0B}.Release|x64.Build.0 = Release|Any CPU
		{DCF5D9DA-DF39-40C0-B0A2-3243E39E8E0B}.Release|x86.ActiveCfg = Release|Any CPU
		{DCF5D9DA-DF39-40C0-B0A2-3243E39E8E0B}.Release|x86.Build.0 = Release|Any CPU
		{119050D3-5D1F-449B-B7B4-372F25847A0F}.Debug|Any CPU.ActiveCfg = Debug|Any CPU
		{119050D3-5D1F-449B-B7B4-372F25847A0F}.Debug|Any CPU.Build.0 = Debug|Any CPU
		{119050D3-5D1F-449B-B7B4-372F25847A0F}.Debug|x64.ActiveCfg = Debug|Any CPU
		{119050D3-5D1F-449B-B7B4-372F25847A0F}.Debug|x64.Build.0 = Debug|Any CPU
		{119050D3-5D1F-449B-B7B4-372F25847A0F}.Debug|x86.ActiveCfg = Debug|Any CPU
		{119050D3-5D1F-449B-B7B4-372F25847A0F}.Debug|x86.Build.0 = Debug|Any CPU
		{119050D3-5D1F-449B-B7B4-372F25847A0F}.Release|Any CPU.ActiveCfg = Release|Any CPU
		{119050D3-5D1F-449B-B7B4-372F25847A0F}.Release|Any CPU.Build.0 = Release|Any CPU
		{119050D3-5D1F-449B-B7B4-372F25847A0F}.Release|x64.ActiveCfg = Release|Any CPU
		{119050D3-5D1F-449B-B7B4-372F25847A0F}.Release|x64.Build.0 = Release|Any CPU
		{119050D3-5D1F-449B-B7B4-372F25847A0F}.Release|x86.ActiveCfg = Release|Any CPU
		{119050D3-5D1F-449B-B7B4-372F25847A0F}.Release|x86.Build.0 = Release|Any CPU
		{15B447A7-CADF-4BB3-874F-2C50692E4177}.Debug|Any CPU.ActiveCfg = Debug|Any CPU
		{15B447A7-CADF-4BB3-874F-2C50692E4177}.Debug|Any CPU.Build.0 = Debug|Any CPU
		{15B447A7-CADF-4BB3-874F-2C50692E4177}.Debug|x64.ActiveCfg = Debug|Any CPU
		{15B447A7-CADF-4BB3-874F-2C50692E4177}.Debug|x64.Build.0 = Debug|Any CPU
		{15B447A7-CADF-4BB3-874F-2C50692E4177}.Debug|x86.ActiveCfg = Debug|Any CPU
		{15B447A7-CADF-4BB3-874F-2C50692E4177}.Debug|x86.Build.0 = Debug|Any CPU
		{15B447A7-CADF-4BB3-874F-2C50692E4177}.Release|Any CPU.ActiveCfg = Release|Any CPU
		{15B447A7-CADF-4BB3-874F-2C50692E4177}.Release|Any CPU.Build.0 = Release|Any CPU
		{15B447A7-CADF-4BB3-874F-2C50692E4177}.Release|x64.ActiveCfg = Release|Any CPU
		{15B447A7-CADF-4BB3-874F-2C50692E4177}.Release|x64.Build.0 = Release|Any CPU
		{15B447A7-CADF-4BB3-874F-2C50692E4177}.Release|x86.ActiveCfg = Release|Any CPU
		{15B447A7-CADF-4BB3-874F-2C50692E4177}.Release|x86.Build.0 = Release|Any CPU
		{C379AEBA-8803-464C-98F4-5BB98CF0FBD3}.Debug|Any CPU.ActiveCfg = Debug|Any CPU
		{C379AEBA-8803-464C-98F4-5BB98CF0FBD3}.Debug|Any CPU.Build.0 = Debug|Any CPU
		{C379AEBA-8803-464C-98F4-5BB98CF0FBD3}.Debug|x64.ActiveCfg = Debug|Any CPU
		{C379AEBA-8803-464C-98F4-5BB98CF0FBD3}.Debug|x64.Build.0 = Debug|Any CPU
		{C379AEBA-8803-464C-98F4-5BB98CF0FBD3}.Debug|x86.ActiveCfg = Debug|Any CPU
		{C379AEBA-8803-464C-98F4-5BB98CF0FBD3}.Debug|x86.Build.0 = Debug|Any CPU
		{C379AEBA-8803-464C-98F4-5BB98CF0FBD3}.Release|Any CPU.ActiveCfg = Release|Any CPU
		{C379AEBA-8803-464C-98F4-5BB98CF0FBD3}.Release|Any CPU.Build.0 = Release|Any CPU
		{C379AEBA-8803-464C-98F4-5BB98CF0FBD3}.Release|x64.ActiveCfg = Release|Any CPU
		{C379AEBA-8803-464C-98F4-5BB98CF0FBD3}.Release|x64.Build.0 = Release|Any CPU
		{C379AEBA-8803-464C-98F4-5BB98CF0FBD3}.Release|x86.ActiveCfg = Release|Any CPU
		{C379AEBA-8803-464C-98F4-5BB98CF0FBD3}.Release|x86.Build.0 = Release|Any CPU
		{FD58A2C3-FB80-412A-9DDB-B71C68992540}.Debug|Any CPU.ActiveCfg = Debug|Any CPU
		{FD58A2C3-FB80-412A-9DDB-B71C68992540}.Debug|Any CPU.Build.0 = Debug|Any CPU
		{FD58A2C3-FB80-412A-9DDB-B71C68992540}.Debug|x64.ActiveCfg = Debug|Any CPU
		{FD58A2C3-FB80-412A-9DDB-B71C68992540}.Debug|x64.Build.0 = Debug|Any CPU
		{FD58A2C3-FB80-412A-9DDB-B71C68992540}.Debug|x86.ActiveCfg = Debug|Any CPU
		{FD58A2C3-FB80-412A-9DDB-B71C68992540}.Debug|x86.Build.0 = Debug|Any CPU
		{FD58A2C3-FB80-412A-9DDB-B71C68992540}.Release|Any CPU.ActiveCfg = Release|Any CPU
		{FD58A2C3-FB80-412A-9DDB-B71C68992540}.Release|Any CPU.Build.0 = Release|Any CPU
		{FD58A2C3-FB80-412A-9DDB-B71C68992540}.Release|x64.ActiveCfg = Release|Any CPU
		{FD58A2C3-FB80-412A-9DDB-B71C68992540}.Release|x64.Build.0 = Release|Any CPU
		{FD58A2C3-FB80-412A-9DDB-B71C68992540}.Release|x86.ActiveCfg = Release|Any CPU
		{FD58A2C3-FB80-412A-9DDB-B71C68992540}.Release|x86.Build.0 = Release|Any CPU
		{70E8E52E-32A9-41F4-ABC8-A6335AD0C611}.Debug|Any CPU.ActiveCfg = Debug|Any CPU
		{70E8E52E-32A9-41F4-ABC8-A6335AD0C611}.Debug|Any CPU.Build.0 = Debug|Any CPU
		{70E8E52E-32A9-41F4-ABC8-A6335AD0C611}.Debug|x64.ActiveCfg = Debug|Any CPU
		{70E8E52E-32A9-41F4-ABC8-A6335AD0C611}.Debug|x64.Build.0 = Debug|Any CPU
		{70E8E52E-32A9-41F4-ABC8-A6335AD0C611}.Debug|x86.ActiveCfg = Debug|Any CPU
		{70E8E52E-32A9-41F4-ABC8-A6335AD0C611}.Debug|x86.Build.0 = Debug|Any CPU
		{70E8E52E-32A9-41F4-ABC8-A6335AD0C611}.Release|Any CPU.ActiveCfg = Release|Any CPU
		{70E8E52E-32A9-41F4-ABC8-A6335AD0C611}.Release|Any CPU.Build.0 = Release|Any CPU
		{70E8E52E-32A9-41F4-ABC8-A6335AD0C611}.Release|x64.ActiveCfg = Release|Any CPU
		{70E8E52E-32A9-41F4-ABC8-A6335AD0C611}.Release|x64.Build.0 = Release|Any CPU
		{70E8E52E-32A9-41F4-ABC8-A6335AD0C611}.Release|x86.ActiveCfg = Release|Any CPU
		{70E8E52E-32A9-41F4-ABC8-A6335AD0C611}.Release|x86.Build.0 = Release|Any CPU
		{1BF3DB03-0CDB-4BEC-8E50-595FEBF37B94}.Debug|Any CPU.ActiveCfg = Debug|Any CPU
		{1BF3DB03-0CDB-4BEC-8E50-595FEBF37B94}.Debug|Any CPU.Build.0 = Debug|Any CPU
		{1BF3DB03-0CDB-4BEC-8E50-595FEBF37B94}.Debug|x64.ActiveCfg = Debug|Any CPU
		{1BF3DB03-0CDB-4BEC-8E50-595FEBF37B94}.Debug|x64.Build.0 = Debug|Any CPU
		{1BF3DB03-0CDB-4BEC-8E50-595FEBF37B94}.Debug|x86.ActiveCfg = Debug|Any CPU
		{1BF3DB03-0CDB-4BEC-8E50-595FEBF37B94}.Debug|x86.Build.0 = Debug|Any CPU
		{1BF3DB03-0CDB-4BEC-8E50-595FEBF37B94}.Release|Any CPU.ActiveCfg = Release|Any CPU
		{1BF3DB03-0CDB-4BEC-8E50-595FEBF37B94}.Release|Any CPU.Build.0 = Release|Any CPU
		{1BF3DB03-0CDB-4BEC-8E50-595FEBF37B94}.Release|x64.ActiveCfg = Release|Any CPU
		{1BF3DB03-0CDB-4BEC-8E50-595FEBF37B94}.Release|x64.Build.0 = Release|Any CPU
		{1BF3DB03-0CDB-4BEC-8E50-595FEBF37B94}.Release|x86.ActiveCfg = Release|Any CPU
		{1BF3DB03-0CDB-4BEC-8E50-595FEBF37B94}.Release|x86.Build.0 = Release|Any CPU
		{FA481512-C7BC-49EF-8FCC-9CC819EC7719}.Debug|Any CPU.ActiveCfg = Debug|Any CPU
		{FA481512-C7BC-49EF-8FCC-9CC819EC7719}.Debug|Any CPU.Build.0 = Debug|Any CPU
		{FA481512-C7BC-49EF-8FCC-9CC819EC7719}.Debug|x64.ActiveCfg = Debug|Any CPU
		{FA481512-C7BC-49EF-8FCC-9CC819EC7719}.Debug|x64.Build.0 = Debug|Any CPU
		{FA481512-C7BC-49EF-8FCC-9CC819EC7719}.Debug|x86.ActiveCfg = Debug|Any CPU
		{FA481512-C7BC-49EF-8FCC-9CC819EC7719}.Debug|x86.Build.0 = Debug|Any CPU
		{FA481512-C7BC-49EF-8FCC-9CC819EC7719}.Release|Any CPU.ActiveCfg = Release|Any CPU
		{FA481512-C7BC-49EF-8FCC-9CC819EC7719}.Release|Any CPU.Build.0 = Release|Any CPU
		{FA481512-C7BC-49EF-8FCC-9CC819EC7719}.Release|x64.ActiveCfg = Release|Any CPU
		{FA481512-C7BC-49EF-8FCC-9CC819EC7719}.Release|x64.Build.0 = Release|Any CPU
		{FA481512-C7BC-49EF-8FCC-9CC819EC7719}.Release|x86.ActiveCfg = Release|Any CPU
		{FA481512-C7BC-49EF-8FCC-9CC819EC7719}.Release|x86.Build.0 = Release|Any CPU
		{EF870DA7-050B-4AD8-90DB-32F09D843830}.Debug|Any CPU.ActiveCfg = Debug|Any CPU
		{EF870DA7-050B-4AD8-90DB-32F09D843830}.Debug|Any CPU.Build.0 = Debug|Any CPU
		{EF870DA7-050B-4AD8-90DB-32F09D843830}.Debug|x64.ActiveCfg = Debug|Any CPU
		{EF870DA7-050B-4AD8-90DB-32F09D843830}.Debug|x64.Build.0 = Debug|Any CPU
		{EF870DA7-050B-4AD8-90DB-32F09D843830}.Debug|x86.ActiveCfg = Debug|Any CPU
		{EF870DA7-050B-4AD8-90DB-32F09D843830}.Debug|x86.Build.0 = Debug|Any CPU
		{EF870DA7-050B-4AD8-90DB-32F09D843830}.Release|Any CPU.ActiveCfg = Release|Any CPU
		{EF870DA7-050B-4AD8-90DB-32F09D843830}.Release|Any CPU.Build.0 = Release|Any CPU
		{EF870DA7-050B-4AD8-90DB-32F09D843830}.Release|x64.ActiveCfg = Release|Any CPU
		{EF870DA7-050B-4AD8-90DB-32F09D843830}.Release|x64.Build.0 = Release|Any CPU
		{EF870DA7-050B-4AD8-90DB-32F09D843830}.Release|x86.ActiveCfg = Release|Any CPU
		{EF870DA7-050B-4AD8-90DB-32F09D843830}.Release|x86.Build.0 = Release|Any CPU
		{A3FCAA9C-FCCA-44B2-9C97-1F690DD6FDAA}.Debug|Any CPU.ActiveCfg = Debug|Any CPU
		{A3FCAA9C-FCCA-44B2-9C97-1F690DD6FDAA}.Debug|Any CPU.Build.0 = Debug|Any CPU
		{A3FCAA9C-FCCA-44B2-9C97-1F690DD6FDAA}.Debug|x64.ActiveCfg = Debug|Any CPU
		{A3FCAA9C-FCCA-44B2-9C97-1F690DD6FDAA}.Debug|x64.Build.0 = Debug|Any CPU
		{A3FCAA9C-FCCA-44B2-9C97-1F690DD6FDAA}.Debug|x86.ActiveCfg = Debug|Any CPU
		{A3FCAA9C-FCCA-44B2-9C97-1F690DD6FDAA}.Debug|x86.Build.0 = Debug|Any CPU
		{A3FCAA9C-FCCA-44B2-9C97-1F690DD6FDAA}.Release|Any CPU.ActiveCfg = Release|Any CPU
		{A3FCAA9C-FCCA-44B2-9C97-1F690DD6FDAA}.Release|Any CPU.Build.0 = Release|Any CPU
		{A3FCAA9C-FCCA-44B2-9C97-1F690DD6FDAA}.Release|x64.ActiveCfg = Release|Any CPU
		{A3FCAA9C-FCCA-44B2-9C97-1F690DD6FDAA}.Release|x64.Build.0 = Release|Any CPU
		{A3FCAA9C-FCCA-44B2-9C97-1F690DD6FDAA}.Release|x86.ActiveCfg = Release|Any CPU
		{A3FCAA9C-FCCA-44B2-9C97-1F690DD6FDAA}.Release|x86.Build.0 = Release|Any CPU
		{1157B47C-6D76-46E3-A861-CFFCBD02CBCB}.Debug|Any CPU.ActiveCfg = Debug|Any CPU
		{1157B47C-6D76-46E3-A861-CFFCBD02CBCB}.Debug|Any CPU.Build.0 = Debug|Any CPU
		{1157B47C-6D76-46E3-A861-CFFCBD02CBCB}.Debug|x64.ActiveCfg = Debug|Any CPU
		{1157B47C-6D76-46E3-A861-CFFCBD02CBCB}.Debug|x64.Build.0 = Debug|Any CPU
		{1157B47C-6D76-46E3-A861-CFFCBD02CBCB}.Debug|x86.ActiveCfg = Debug|Any CPU
		{1157B47C-6D76-46E3-A861-CFFCBD02CBCB}.Debug|x86.Build.0 = Debug|Any CPU
		{1157B47C-6D76-46E3-A861-CFFCBD02CBCB}.Release|Any CPU.ActiveCfg = Release|Any CPU
		{1157B47C-6D76-46E3-A861-CFFCBD02CBCB}.Release|Any CPU.Build.0 = Release|Any CPU
		{1157B47C-6D76-46E3-A861-CFFCBD02CBCB}.Release|x64.ActiveCfg = Release|Any CPU
		{1157B47C-6D76-46E3-A861-CFFCBD02CBCB}.Release|x64.Build.0 = Release|Any CPU
		{1157B47C-6D76-46E3-A861-CFFCBD02CBCB}.Release|x86.ActiveCfg = Release|Any CPU
		{1157B47C-6D76-46E3-A861-CFFCBD02CBCB}.Release|x86.Build.0 = Release|Any CPU
		{880F2846-A344-4337-B012-0901E1FCE539}.Debug|Any CPU.ActiveCfg = Debug|Any CPU
		{880F2846-A344-4337-B012-0901E1FCE539}.Debug|Any CPU.Build.0 = Debug|Any CPU
		{880F2846-A344-4337-B012-0901E1FCE539}.Debug|x64.ActiveCfg = Debug|Any CPU
		{880F2846-A344-4337-B012-0901E1FCE539}.Debug|x64.Build.0 = Debug|Any CPU
		{880F2846-A344-4337-B012-0901E1FCE539}.Debug|x86.ActiveCfg = Debug|Any CPU
		{880F2846-A344-4337-B012-0901E1FCE539}.Debug|x86.Build.0 = Debug|Any CPU
		{880F2846-A344-4337-B012-0901E1FCE539}.Release|Any CPU.ActiveCfg = Release|Any CPU
		{880F2846-A344-4337-B012-0901E1FCE539}.Release|Any CPU.Build.0 = Release|Any CPU
		{880F2846-A344-4337-B012-0901E1FCE539}.Release|x64.ActiveCfg = Release|Any CPU
		{880F2846-A344-4337-B012-0901E1FCE539}.Release|x64.Build.0 = Release|Any CPU
		{880F2846-A344-4337-B012-0901E1FCE539}.Release|x86.ActiveCfg = Release|Any CPU
		{880F2846-A344-4337-B012-0901E1FCE539}.Release|x86.Build.0 = Release|Any CPU
		{4ED8B0B5-E11A-4B55-A9D9-A6E0CB4D1EA0}.Debug|Any CPU.ActiveCfg = Debug|Any CPU
		{4ED8B0B5-E11A-4B55-A9D9-A6E0CB4D1EA0}.Debug|Any CPU.Build.0 = Debug|Any CPU
		{4ED8B0B5-E11A-4B55-A9D9-A6E0CB4D1EA0}.Debug|x64.ActiveCfg = Debug|Any CPU
		{4ED8B0B5-E11A-4B55-A9D9-A6E0CB4D1EA0}.Debug|x64.Build.0 = Debug|Any CPU
		{4ED8B0B5-E11A-4B55-A9D9-A6E0CB4D1EA0}.Debug|x86.ActiveCfg = Debug|Any CPU
		{4ED8B0B5-E11A-4B55-A9D9-A6E0CB4D1EA0}.Debug|x86.Build.0 = Debug|Any CPU
		{4ED8B0B5-E11A-4B55-A9D9-A6E0CB4D1EA0}.Release|Any CPU.ActiveCfg = Release|Any CPU
		{4ED8B0B5-E11A-4B55-A9D9-A6E0CB4D1EA0}.Release|Any CPU.Build.0 = Release|Any CPU
		{4ED8B0B5-E11A-4B55-A9D9-A6E0CB4D1EA0}.Release|x64.ActiveCfg = Release|Any CPU
		{4ED8B0B5-E11A-4B55-A9D9-A6E0CB4D1EA0}.Release|x64.Build.0 = Release|Any CPU
		{4ED8B0B5-E11A-4B55-A9D9-A6E0CB4D1EA0}.Release|x86.ActiveCfg = Release|Any CPU
		{4ED8B0B5-E11A-4B55-A9D9-A6E0CB4D1EA0}.Release|x86.Build.0 = Release|Any CPU
		{CF4A894B-EE94-437B-9342-9E137DCFFB92}.Debug|Any CPU.ActiveCfg = Debug|Any CPU
		{CF4A894B-EE94-437B-9342-9E137DCFFB92}.Debug|Any CPU.Build.0 = Debug|Any CPU
		{CF4A894B-EE94-437B-9342-9E137DCFFB92}.Debug|x64.ActiveCfg = Debug|Any CPU
		{CF4A894B-EE94-437B-9342-9E137DCFFB92}.Debug|x64.Build.0 = Debug|Any CPU
		{CF4A894B-EE94-437B-9342-9E137DCFFB92}.Debug|x86.ActiveCfg = Debug|Any CPU
		{CF4A894B-EE94-437B-9342-9E137DCFFB92}.Debug|x86.Build.0 = Debug|Any CPU
		{CF4A894B-EE94-437B-9342-9E137DCFFB92}.Release|Any CPU.ActiveCfg = Release|Any CPU
		{CF4A894B-EE94-437B-9342-9E137DCFFB92}.Release|Any CPU.Build.0 = Release|Any CPU
		{CF4A894B-EE94-437B-9342-9E137DCFFB92}.Release|x64.ActiveCfg = Release|Any CPU
		{CF4A894B-EE94-437B-9342-9E137DCFFB92}.Release|x64.Build.0 = Release|Any CPU
		{CF4A894B-EE94-437B-9342-9E137DCFFB92}.Release|x86.ActiveCfg = Release|Any CPU
		{CF4A894B-EE94-437B-9342-9E137DCFFB92}.Release|x86.Build.0 = Release|Any CPU
		{195E4C41-1335-47D1-86C8-D4C9F8695757}.Debug|Any CPU.ActiveCfg = Debug|Any CPU
		{195E4C41-1335-47D1-86C8-D4C9F8695757}.Debug|Any CPU.Build.0 = Debug|Any CPU
		{195E4C41-1335-47D1-86C8-D4C9F8695757}.Debug|x64.ActiveCfg = Debug|Any CPU
		{195E4C41-1335-47D1-86C8-D4C9F8695757}.Debug|x64.Build.0 = Debug|Any CPU
		{195E4C41-1335-47D1-86C8-D4C9F8695757}.Debug|x86.ActiveCfg = Debug|Any CPU
		{195E4C41-1335-47D1-86C8-D4C9F8695757}.Debug|x86.Build.0 = Debug|Any CPU
		{195E4C41-1335-47D1-86C8-D4C9F8695757}.Release|Any CPU.ActiveCfg = Release|Any CPU
		{195E4C41-1335-47D1-86C8-D4C9F8695757}.Release|Any CPU.Build.0 = Release|Any CPU
		{195E4C41-1335-47D1-86C8-D4C9F8695757}.Release|x64.ActiveCfg = Release|Any CPU
		{195E4C41-1335-47D1-86C8-D4C9F8695757}.Release|x64.Build.0 = Release|Any CPU
		{195E4C41-1335-47D1-86C8-D4C9F8695757}.Release|x86.ActiveCfg = Release|Any CPU
		{195E4C41-1335-47D1-86C8-D4C9F8695757}.Release|x86.Build.0 = Release|Any CPU
		{72A3F6C4-24CC-47EC-84C3-31ED87BB7D06}.Debug|Any CPU.ActiveCfg = Debug|Any CPU
		{72A3F6C4-24CC-47EC-84C3-31ED87BB7D06}.Debug|Any CPU.Build.0 = Debug|Any CPU
		{72A3F6C4-24CC-47EC-84C3-31ED87BB7D06}.Debug|x64.ActiveCfg = Debug|Any CPU
		{72A3F6C4-24CC-47EC-84C3-31ED87BB7D06}.Debug|x64.Build.0 = Debug|Any CPU
		{72A3F6C4-24CC-47EC-84C3-31ED87BB7D06}.Debug|x86.ActiveCfg = Debug|Any CPU
		{72A3F6C4-24CC-47EC-84C3-31ED87BB7D06}.Debug|x86.Build.0 = Debug|Any CPU
		{72A3F6C4-24CC-47EC-84C3-31ED87BB7D06}.Release|Any CPU.ActiveCfg = Release|Any CPU
		{72A3F6C4-24CC-47EC-84C3-31ED87BB7D06}.Release|Any CPU.Build.0 = Release|Any CPU
		{72A3F6C4-24CC-47EC-84C3-31ED87BB7D06}.Release|x64.ActiveCfg = Release|Any CPU
		{72A3F6C4-24CC-47EC-84C3-31ED87BB7D06}.Release|x64.Build.0 = Release|Any CPU
		{72A3F6C4-24CC-47EC-84C3-31ED87BB7D06}.Release|x86.ActiveCfg = Release|Any CPU
		{72A3F6C4-24CC-47EC-84C3-31ED87BB7D06}.Release|x86.Build.0 = Release|Any CPU
		{C86F90E3-E193-4AF2-9431-53E3B3A5EA06}.Debug|Any CPU.ActiveCfg = Debug|Any CPU
		{C86F90E3-E193-4AF2-9431-53E3B3A5EA06}.Debug|Any CPU.Build.0 = Debug|Any CPU
		{C86F90E3-E193-4AF2-9431-53E3B3A5EA06}.Debug|x64.ActiveCfg = Debug|Any CPU
		{C86F90E3-E193-4AF2-9431-53E3B3A5EA06}.Debug|x64.Build.0 = Debug|Any CPU
		{C86F90E3-E193-4AF2-9431-53E3B3A5EA06}.Debug|x86.ActiveCfg = Debug|Any CPU
		{C86F90E3-E193-4AF2-9431-53E3B3A5EA06}.Debug|x86.Build.0 = Debug|Any CPU
		{C86F90E3-E193-4AF2-9431-53E3B3A5EA06}.Release|Any CPU.ActiveCfg = Release|Any CPU
		{C86F90E3-E193-4AF2-9431-53E3B3A5EA06}.Release|Any CPU.Build.0 = Release|Any CPU
		{C86F90E3-E193-4AF2-9431-53E3B3A5EA06}.Release|x64.ActiveCfg = Release|Any CPU
		{C86F90E3-E193-4AF2-9431-53E3B3A5EA06}.Release|x64.Build.0 = Release|Any CPU
		{C86F90E3-E193-4AF2-9431-53E3B3A5EA06}.Release|x86.ActiveCfg = Release|Any CPU
		{C86F90E3-E193-4AF2-9431-53E3B3A5EA06}.Release|x86.Build.0 = Release|Any CPU
		{43DD82A5-17CA-4639-BC18-51A6CA2CB22B}.Debug|Any CPU.ActiveCfg = Debug|Any CPU
		{43DD82A5-17CA-4639-BC18-51A6CA2CB22B}.Debug|Any CPU.Build.0 = Debug|Any CPU
		{43DD82A5-17CA-4639-BC18-51A6CA2CB22B}.Debug|x64.ActiveCfg = Debug|Any CPU
		{43DD82A5-17CA-4639-BC18-51A6CA2CB22B}.Debug|x64.Build.0 = Debug|Any CPU
		{43DD82A5-17CA-4639-BC18-51A6CA2CB22B}.Debug|x86.ActiveCfg = Debug|Any CPU
		{43DD82A5-17CA-4639-BC18-51A6CA2CB22B}.Debug|x86.Build.0 = Debug|Any CPU
		{43DD82A5-17CA-4639-BC18-51A6CA2CB22B}.Release|Any CPU.ActiveCfg = Release|Any CPU
		{43DD82A5-17CA-4639-BC18-51A6CA2CB22B}.Release|Any CPU.Build.0 = Release|Any CPU
		{43DD82A5-17CA-4639-BC18-51A6CA2CB22B}.Release|x64.ActiveCfg = Release|Any CPU
		{43DD82A5-17CA-4639-BC18-51A6CA2CB22B}.Release|x64.Build.0 = Release|Any CPU
		{43DD82A5-17CA-4639-BC18-51A6CA2CB22B}.Release|x86.ActiveCfg = Release|Any CPU
		{43DD82A5-17CA-4639-BC18-51A6CA2CB22B}.Release|x86.Build.0 = Release|Any CPU
		{04F4FAF7-B4A8-4C30-895A-4B3C04F30566}.Debug|Any CPU.ActiveCfg = Debug|Any CPU
		{04F4FAF7-B4A8-4C30-895A-4B3C04F30566}.Debug|Any CPU.Build.0 = Debug|Any CPU
		{04F4FAF7-B4A8-4C30-895A-4B3C04F30566}.Debug|x64.ActiveCfg = Debug|Any CPU
		{04F4FAF7-B4A8-4C30-895A-4B3C04F30566}.Debug|x64.Build.0 = Debug|Any CPU
		{04F4FAF7-B4A8-4C30-895A-4B3C04F30566}.Debug|x86.ActiveCfg = Debug|Any CPU
		{04F4FAF7-B4A8-4C30-895A-4B3C04F30566}.Debug|x86.Build.0 = Debug|Any CPU
		{04F4FAF7-B4A8-4C30-895A-4B3C04F30566}.Release|Any CPU.ActiveCfg = Release|Any CPU
		{04F4FAF7-B4A8-4C30-895A-4B3C04F30566}.Release|Any CPU.Build.0 = Release|Any CPU
		{04F4FAF7-B4A8-4C30-895A-4B3C04F30566}.Release|x64.ActiveCfg = Release|Any CPU
		{04F4FAF7-B4A8-4C30-895A-4B3C04F30566}.Release|x64.Build.0 = Release|Any CPU
		{04F4FAF7-B4A8-4C30-895A-4B3C04F30566}.Release|x86.ActiveCfg = Release|Any CPU
		{04F4FAF7-B4A8-4C30-895A-4B3C04F30566}.Release|x86.Build.0 = Release|Any CPU
		{A5FDA179-D5E3-4AE4-8028-B7105BD7F60F}.Debug|Any CPU.ActiveCfg = Debug|Any CPU
		{A5FDA179-D5E3-4AE4-8028-B7105BD7F60F}.Debug|Any CPU.Build.0 = Debug|Any CPU
		{A5FDA179-D5E3-4AE4-8028-B7105BD7F60F}.Debug|x64.ActiveCfg = Debug|Any CPU
		{A5FDA179-D5E3-4AE4-8028-B7105BD7F60F}.Debug|x64.Build.0 = Debug|Any CPU
		{A5FDA179-D5E3-4AE4-8028-B7105BD7F60F}.Debug|x86.ActiveCfg = Debug|Any CPU
		{A5FDA179-D5E3-4AE4-8028-B7105BD7F60F}.Debug|x86.Build.0 = Debug|Any CPU
		{A5FDA179-D5E3-4AE4-8028-B7105BD7F60F}.Release|Any CPU.ActiveCfg = Release|Any CPU
		{A5FDA179-D5E3-4AE4-8028-B7105BD7F60F}.Release|Any CPU.Build.0 = Release|Any CPU
		{A5FDA179-D5E3-4AE4-8028-B7105BD7F60F}.Release|x64.ActiveCfg = Release|Any CPU
		{A5FDA179-D5E3-4AE4-8028-B7105BD7F60F}.Release|x64.Build.0 = Release|Any CPU
		{A5FDA179-D5E3-4AE4-8028-B7105BD7F60F}.Release|x86.ActiveCfg = Release|Any CPU
		{A5FDA179-D5E3-4AE4-8028-B7105BD7F60F}.Release|x86.Build.0 = Release|Any CPU
		{4DE206B3-DE95-4083-80BD-36101900AA35}.Debug|Any CPU.ActiveCfg = Debug|Any CPU
		{4DE206B3-DE95-4083-80BD-36101900AA35}.Debug|Any CPU.Build.0 = Debug|Any CPU
		{4DE206B3-DE95-4083-80BD-36101900AA35}.Debug|x64.ActiveCfg = Debug|Any CPU
		{4DE206B3-DE95-4083-80BD-36101900AA35}.Debug|x64.Build.0 = Debug|Any CPU
		{4DE206B3-DE95-4083-80BD-36101900AA35}.Debug|x86.ActiveCfg = Debug|Any CPU
		{4DE206B3-DE95-4083-80BD-36101900AA35}.Debug|x86.Build.0 = Debug|Any CPU
		{4DE206B3-DE95-4083-80BD-36101900AA35}.Release|Any CPU.ActiveCfg = Release|Any CPU
		{4DE206B3-DE95-4083-80BD-36101900AA35}.Release|Any CPU.Build.0 = Release|Any CPU
		{4DE206B3-DE95-4083-80BD-36101900AA35}.Release|x64.ActiveCfg = Release|Any CPU
		{4DE206B3-DE95-4083-80BD-36101900AA35}.Release|x64.Build.0 = Release|Any CPU
		{4DE206B3-DE95-4083-80BD-36101900AA35}.Release|x86.ActiveCfg = Release|Any CPU
		{4DE206B3-DE95-4083-80BD-36101900AA35}.Release|x86.Build.0 = Release|Any CPU
		{18215748-E3C5-4917-9A93-FAAE5A76E5A6}.Debug|Any CPU.ActiveCfg = Debug|Any CPU
		{18215748-E3C5-4917-9A93-FAAE5A76E5A6}.Debug|Any CPU.Build.0 = Debug|Any CPU
		{18215748-E3C5-4917-9A93-FAAE5A76E5A6}.Debug|x64.ActiveCfg = Debug|Any CPU
		{18215748-E3C5-4917-9A93-FAAE5A76E5A6}.Debug|x64.Build.0 = Debug|Any CPU
		{18215748-E3C5-4917-9A93-FAAE5A76E5A6}.Debug|x86.ActiveCfg = Debug|Any CPU
		{18215748-E3C5-4917-9A93-FAAE5A76E5A6}.Debug|x86.Build.0 = Debug|Any CPU
		{18215748-E3C5-4917-9A93-FAAE5A76E5A6}.Release|Any CPU.ActiveCfg = Release|Any CPU
		{18215748-E3C5-4917-9A93-FAAE5A76E5A6}.Release|Any CPU.Build.0 = Release|Any CPU
		{18215748-E3C5-4917-9A93-FAAE5A76E5A6}.Release|x64.ActiveCfg = Release|Any CPU
		{18215748-E3C5-4917-9A93-FAAE5A76E5A6}.Release|x64.Build.0 = Release|Any CPU
		{18215748-E3C5-4917-9A93-FAAE5A76E5A6}.Release|x86.ActiveCfg = Release|Any CPU
		{18215748-E3C5-4917-9A93-FAAE5A76E5A6}.Release|x86.Build.0 = Release|Any CPU
		{D1972C3D-4160-4045-B303-77F6D512D787}.Debug|Any CPU.ActiveCfg = Debug|Any CPU
		{D1972C3D-4160-4045-B303-77F6D512D787}.Debug|Any CPU.Build.0 = Debug|Any CPU
		{D1972C3D-4160-4045-B303-77F6D512D787}.Debug|x64.ActiveCfg = Debug|Any CPU
		{D1972C3D-4160-4045-B303-77F6D512D787}.Debug|x64.Build.0 = Debug|Any CPU
		{D1972C3D-4160-4045-B303-77F6D512D787}.Debug|x86.ActiveCfg = Debug|Any CPU
		{D1972C3D-4160-4045-B303-77F6D512D787}.Debug|x86.Build.0 = Debug|Any CPU
		{D1972C3D-4160-4045-B303-77F6D512D787}.Release|Any CPU.ActiveCfg = Release|Any CPU
		{D1972C3D-4160-4045-B303-77F6D512D787}.Release|Any CPU.Build.0 = Release|Any CPU
		{D1972C3D-4160-4045-B303-77F6D512D787}.Release|x64.ActiveCfg = Release|Any CPU
		{D1972C3D-4160-4045-B303-77F6D512D787}.Release|x64.Build.0 = Release|Any CPU
		{D1972C3D-4160-4045-B303-77F6D512D787}.Release|x86.ActiveCfg = Release|Any CPU
		{D1972C3D-4160-4045-B303-77F6D512D787}.Release|x86.Build.0 = Release|Any CPU
		{6F2D84ED-F0E3-4559-8DDD-B38FC6333527}.Debug|Any CPU.ActiveCfg = Debug|Any CPU
		{6F2D84ED-F0E3-4559-8DDD-B38FC6333527}.Debug|Any CPU.Build.0 = Debug|Any CPU
		{6F2D84ED-F0E3-4559-8DDD-B38FC6333527}.Debug|x64.ActiveCfg = Debug|Any CPU
		{6F2D84ED-F0E3-4559-8DDD-B38FC6333527}.Debug|x64.Build.0 = Debug|Any CPU
		{6F2D84ED-F0E3-4559-8DDD-B38FC6333527}.Debug|x86.ActiveCfg = Debug|Any CPU
		{6F2D84ED-F0E3-4559-8DDD-B38FC6333527}.Debug|x86.Build.0 = Debug|Any CPU
		{6F2D84ED-F0E3-4559-8DDD-B38FC6333527}.Release|Any CPU.ActiveCfg = Release|Any CPU
		{6F2D84ED-F0E3-4559-8DDD-B38FC6333527}.Release|Any CPU.Build.0 = Release|Any CPU
		{6F2D84ED-F0E3-4559-8DDD-B38FC6333527}.Release|x64.ActiveCfg = Release|Any CPU
		{6F2D84ED-F0E3-4559-8DDD-B38FC6333527}.Release|x64.Build.0 = Release|Any CPU
		{6F2D84ED-F0E3-4559-8DDD-B38FC6333527}.Release|x86.ActiveCfg = Release|Any CPU
		{6F2D84ED-F0E3-4559-8DDD-B38FC6333527}.Release|x86.Build.0 = Release|Any CPU
		{423B824B-1897-497A-9CD3-50209667FAD1}.Debug|Any CPU.ActiveCfg = Debug|Any CPU
		{423B824B-1897-497A-9CD3-50209667FAD1}.Debug|Any CPU.Build.0 = Debug|Any CPU
		{423B824B-1897-497A-9CD3-50209667FAD1}.Debug|x64.ActiveCfg = Debug|Any CPU
		{423B824B-1897-497A-9CD3-50209667FAD1}.Debug|x64.Build.0 = Debug|Any CPU
		{423B824B-1897-497A-9CD3-50209667FAD1}.Debug|x86.ActiveCfg = Debug|Any CPU
		{423B824B-1897-497A-9CD3-50209667FAD1}.Debug|x86.Build.0 = Debug|Any CPU
		{423B824B-1897-497A-9CD3-50209667FAD1}.Release|Any CPU.ActiveCfg = Release|Any CPU
		{423B824B-1897-497A-9CD3-50209667FAD1}.Release|Any CPU.Build.0 = Release|Any CPU
		{423B824B-1897-497A-9CD3-50209667FAD1}.Release|x64.ActiveCfg = Release|Any CPU
		{423B824B-1897-497A-9CD3-50209667FAD1}.Release|x64.Build.0 = Release|Any CPU
		{423B824B-1897-497A-9CD3-50209667FAD1}.Release|x86.ActiveCfg = Release|Any CPU
		{423B824B-1897-497A-9CD3-50209667FAD1}.Release|x86.Build.0 = Release|Any CPU
		{C1EFEE44-F35A-4E7A-87E3-D60A63689D0E}.Debug|Any CPU.ActiveCfg = Debug|Any CPU
		{C1EFEE44-F35A-4E7A-87E3-D60A63689D0E}.Debug|Any CPU.Build.0 = Debug|Any CPU
		{C1EFEE44-F35A-4E7A-87E3-D60A63689D0E}.Debug|x64.ActiveCfg = Debug|Any CPU
		{C1EFEE44-F35A-4E7A-87E3-D60A63689D0E}.Debug|x64.Build.0 = Debug|Any CPU
		{C1EFEE44-F35A-4E7A-87E3-D60A63689D0E}.Debug|x86.ActiveCfg = Debug|Any CPU
		{C1EFEE44-F35A-4E7A-87E3-D60A63689D0E}.Debug|x86.Build.0 = Debug|Any CPU
		{C1EFEE44-F35A-4E7A-87E3-D60A63689D0E}.Release|Any CPU.ActiveCfg = Release|Any CPU
		{C1EFEE44-F35A-4E7A-87E3-D60A63689D0E}.Release|Any CPU.Build.0 = Release|Any CPU
		{C1EFEE44-F35A-4E7A-87E3-D60A63689D0E}.Release|x64.ActiveCfg = Release|Any CPU
		{C1EFEE44-F35A-4E7A-87E3-D60A63689D0E}.Release|x64.Build.0 = Release|Any CPU
		{C1EFEE44-F35A-4E7A-87E3-D60A63689D0E}.Release|x86.ActiveCfg = Release|Any CPU
		{C1EFEE44-F35A-4E7A-87E3-D60A63689D0E}.Release|x86.Build.0 = Release|Any CPU
		{26F582AE-D5E7-2ECF-A0DC-40BD2B2292C0}.Debug|Any CPU.ActiveCfg = Debug|Any CPU
		{26F582AE-D5E7-2ECF-A0DC-40BD2B2292C0}.Debug|Any CPU.Build.0 = Debug|Any CPU
		{26F582AE-D5E7-2ECF-A0DC-40BD2B2292C0}.Debug|x64.ActiveCfg = Debug|Any CPU
		{26F582AE-D5E7-2ECF-A0DC-40BD2B2292C0}.Debug|x64.Build.0 = Debug|Any CPU
		{26F582AE-D5E7-2ECF-A0DC-40BD2B2292C0}.Debug|x86.ActiveCfg = Debug|Any CPU
		{26F582AE-D5E7-2ECF-A0DC-40BD2B2292C0}.Debug|x86.Build.0 = Debug|Any CPU
		{26F582AE-D5E7-2ECF-A0DC-40BD2B2292C0}.Release|Any CPU.ActiveCfg = Release|Any CPU
		{26F582AE-D5E7-2ECF-A0DC-40BD2B2292C0}.Release|Any CPU.Build.0 = Release|Any CPU
		{26F582AE-D5E7-2ECF-A0DC-40BD2B2292C0}.Release|x64.ActiveCfg = Release|Any CPU
		{26F582AE-D5E7-2ECF-A0DC-40BD2B2292C0}.Release|x64.Build.0 = Release|Any CPU
		{26F582AE-D5E7-2ECF-A0DC-40BD2B2292C0}.Release|x86.ActiveCfg = Release|Any CPU
		{26F582AE-D5E7-2ECF-A0DC-40BD2B2292C0}.Release|x86.Build.0 = Release|Any CPU
		{E0A82E5A-4BD0-5D28-C3E9-876A048E0256}.Debug|Any CPU.ActiveCfg = Debug|Any CPU
		{E0A82E5A-4BD0-5D28-C3E9-876A048E0256}.Debug|Any CPU.Build.0 = Debug|Any CPU
		{E0A82E5A-4BD0-5D28-C3E9-876A048E0256}.Debug|x64.ActiveCfg = Debug|Any CPU
		{E0A82E5A-4BD0-5D28-C3E9-876A048E0256}.Debug|x64.Build.0 = Debug|Any CPU
		{E0A82E5A-4BD0-5D28-C3E9-876A048E0256}.Debug|x86.ActiveCfg = Debug|Any CPU
		{E0A82E5A-4BD0-5D28-C3E9-876A048E0256}.Debug|x86.Build.0 = Debug|Any CPU
		{E0A82E5A-4BD0-5D28-C3E9-876A048E0256}.Release|Any CPU.ActiveCfg = Release|Any CPU
		{E0A82E5A-4BD0-5D28-C3E9-876A048E0256}.Release|Any CPU.Build.0 = Release|Any CPU
		{E0A82E5A-4BD0-5D28-C3E9-876A048E0256}.Release|x64.ActiveCfg = Release|Any CPU
		{E0A82E5A-4BD0-5D28-C3E9-876A048E0256}.Release|x64.Build.0 = Release|Any CPU
		{E0A82E5A-4BD0-5D28-C3E9-876A048E0256}.Release|x86.ActiveCfg = Release|Any CPU
		{E0A82E5A-4BD0-5D28-C3E9-876A048E0256}.Release|x86.Build.0 = Release|Any CPU
	EndGlobalSection
	GlobalSection(SolutionProperties) = preSolution
		HideSolutionNode = FALSE
	EndGlobalSection
	GlobalSection(NestedProjects) = preSolution
		{4D74897D-BE07-2BE4-7575-D215BEED59F2} = {014C2E84-3AB7-4338-A5F9-846E55C85F8C}
		{BC079CE0-DB6D-5942-56C9-DBD2A5C69388} = {02EA681E-C7D8-13C7-8484-4AC65E1B71E8}
		{90865537-22DB-A5D9-DB13-4A381DDB98FB} = {38F1953D-8BE8-4B02-9E6C-09A852485964}
		{05E39293-1D45-3F8B-E655-8F19718C89AD} = {0729B0B5-06BD-4040-87CE-7A601DE31468}
		{09E88201-B58C-849B-13BE-393F5E888D1A} = {63DB6378-9F26-4B21-813C-90E2EEFA6AE2}
		{297CF612-8C19-ADA2-8211-F2C9B85B2003} = {D7871EAB-7F5C-415E-9CE2-6F5923267A0E}
		{E8F0120C-F7D1-E4BB-4578-74046ED64D52} = {D3F848BB-3A06-4CD5-80C3-67FB49FF93C2}
		{CB58DC17-D6F5-4D54-83D2-5DB5ED0C5349} = {D3F848BB-3A06-4CD5-80C3-67FB49FF93C2}
		{55722DCF-47C3-4B4B-AE2E-DAA6077BEC67} = {02EA681E-C7D8-13C7-8484-4AC65E1B71E8}
		{DCF5D9DA-DF39-40C0-B0A2-3243E39E8E0B} = {38F1953D-8BE8-4B02-9E6C-09A852485964}
		{119050D3-5D1F-449B-B7B4-372F25847A0F} = {014C2E84-3AB7-4338-A5F9-846E55C85F8C}
		{15B447A7-CADF-4BB3-874F-2C50692E4177} = {63DB6378-9F26-4B21-813C-90E2EEFA6AE2}
		{C379AEBA-8803-464C-98F4-5BB98CF0FBD3} = {D7871EAB-7F5C-415E-9CE2-6F5923267A0E}
		{FD58A2C3-FB80-412A-9DDB-B71C68992540} = {0729B0B5-06BD-4040-87CE-7A601DE31468}
		{70E8E52E-32A9-41F4-ABC8-A6335AD0C611} = {D3F848BB-3A06-4CD5-80C3-67FB49FF93C2}
		{1BF3DB03-0CDB-4BEC-8E50-595FEBF37B94} = {02EA681E-C7D8-13C7-8484-4AC65E1B71E8}
		{FA481512-C7BC-49EF-8FCC-9CC819EC7719} = {38F1953D-8BE8-4B02-9E6C-09A852485964}
		{EF870DA7-050B-4AD8-90DB-32F09D843830} = {014C2E84-3AB7-4338-A5F9-846E55C85F8C}
		{A3FCAA9C-FCCA-44B2-9C97-1F690DD6FDAA} = {63DB6378-9F26-4B21-813C-90E2EEFA6AE2}
		{1157B47C-6D76-46E3-A861-CFFCBD02CBCB} = {D7871EAB-7F5C-415E-9CE2-6F5923267A0E}
		{880F2846-A344-4337-B012-0901E1FCE539} = {0729B0B5-06BD-4040-87CE-7A601DE31468}
		{4ED8B0B5-E11A-4B55-A9D9-A6E0CB4D1EA0} = {D3F848BB-3A06-4CD5-80C3-67FB49FF93C2}
		{CF4A894B-EE94-437B-9342-9E137DCFFB92} = {D3F848BB-3A06-4CD5-80C3-67FB49FF93C2}
		{195E4C41-1335-47D1-86C8-D4C9F8695757} = {02EA681E-C7D8-13C7-8484-4AC65E1B71E8}
		{72A3F6C4-24CC-47EC-84C3-31ED87BB7D06} = {02EA681E-C7D8-13C7-8484-4AC65E1B71E8}
		{C86F90E3-E193-4AF2-9431-53E3B3A5EA06} = {38F1953D-8BE8-4B02-9E6C-09A852485964}
		{43DD82A5-17CA-4639-BC18-51A6CA2CB22B} = {38F1953D-8BE8-4B02-9E6C-09A852485964}
		{04F4FAF7-B4A8-4C30-895A-4B3C04F30566} = {014C2E84-3AB7-4338-A5F9-846E55C85F8C}
		{A5FDA179-D5E3-4AE4-8028-B7105BD7F60F} = {014C2E84-3AB7-4338-A5F9-846E55C85F8C}
		{4DE206B3-DE95-4083-80BD-36101900AA35} = {63DB6378-9F26-4B21-813C-90E2EEFA6AE2}
		{18215748-E3C5-4917-9A93-FAAE5A76E5A6} = {63DB6378-9F26-4B21-813C-90E2EEFA6AE2}
		{D1972C3D-4160-4045-B303-77F6D512D787} = {D7871EAB-7F5C-415E-9CE2-6F5923267A0E}
		{6F2D84ED-F0E3-4559-8DDD-B38FC6333527} = {D7871EAB-7F5C-415E-9CE2-6F5923267A0E}
		{423B824B-1897-497A-9CD3-50209667FAD1} = {0729B0B5-06BD-4040-87CE-7A601DE31468}
		{C1EFEE44-F35A-4E7A-87E3-D60A63689D0E} = {0729B0B5-06BD-4040-87CE-7A601DE31468}
		{26F582AE-D5E7-2ECF-A0DC-40BD2B2292C0} = {8DD70A55-0139-5126-A21D-8E0187E67EE6}
		{E0A82E5A-4BD0-5D28-C3E9-876A048E0256} = {8DD70A55-0139-5126-A21D-8E0187E67EE6}
	EndGlobalSection
	GlobalSection(ExtensibilityGlobals) = postSolution
		SolutionGuid = {1A7818CB-F771-41C7-8D1A-2F2A90A76C86}
	EndGlobalSection
EndGlobal
